// !$*UTF8*$!
{
	archiveVersion = 1;
	classes = {
	};
	objectVersion = 46;
	objects = {

/* Begin PBXBuildFile section */
		107D5AC3ACB986AA4D6D769C /* Pods_Multiplayer_Hangman.framework in Frameworks */ = {isa = PBXBuildFile; fileRef = 08412D4C24A6FD406CC5D49A /* Pods_Multiplayer_Hangman.framework */; };
		55BF92371DECAE540056F02D /* MainController.swift in Sources */ = {isa = PBXBuildFile; fileRef = 55BF92361DECAE540056F02D /* MainController.swift */; };
		55BF92391DECAE590056F02D /* WordViewController.swift in Sources */ = {isa = PBXBuildFile; fileRef = 55BF92381DECAE590056F02D /* WordViewController.swift */; };
		55BF923B1DECAE5E0056F02D /* PlayerViewController.swift in Sources */ = {isa = PBXBuildFile; fileRef = 55BF923A1DECAE5E0056F02D /* PlayerViewController.swift */; };
		55C1281A1DEBB1A8005B6446 /* AppDelegate.swift in Sources */ = {isa = PBXBuildFile; fileRef = 55C128191DEBB1A8005B6446 /* AppDelegate.swift */; };
		55C1281C1DEBB1A8005B6446 /* ViewController.swift in Sources */ = {isa = PBXBuildFile; fileRef = 55C1281B1DEBB1A8005B6446 /* ViewController.swift */; };
		55C1281F1DEBB1A8005B6446 /* Main.storyboard in Resources */ = {isa = PBXBuildFile; fileRef = 55C1281D1DEBB1A8005B6446 /* Main.storyboard */; };
		55C128211DEBB1A8005B6446 /* Assets.xcassets in Resources */ = {isa = PBXBuildFile; fileRef = 55C128201DEBB1A8005B6446 /* Assets.xcassets */; };
		55C128241DEBB1A8005B6446 /* LaunchScreen.storyboard in Resources */ = {isa = PBXBuildFile; fileRef = 55C128221DEBB1A8005B6446 /* LaunchScreen.storyboard */; };
/* End PBXBuildFile section */

/* Begin PBXFileReference section */
		08412D4C24A6FD406CC5D49A /* Pods_Multiplayer_Hangman.framework */ = {isa = PBXFileReference; explicitFileType = wrapper.framework; includeInIndex = 0; path = Pods_Multiplayer_Hangman.framework; sourceTree = BUILT_PRODUCTS_DIR; };
		0FBF62536724580CF768F762 /* Pods-Multiplayer Hangman.debug.xcconfig */ = {isa = PBXFileReference; includeInIndex = 1; lastKnownFileType = text.xcconfig; name = "Pods-Multiplayer Hangman.debug.xcconfig"; path = "Pods/Target Support Files/Pods-Multiplayer Hangman/Pods-Multiplayer Hangman.debug.xcconfig"; sourceTree = "<group>"; };
		55BF92361DECAE540056F02D /* MainController.swift */ = {isa = PBXFileReference; fileEncoding = 4; lastKnownFileType = sourcecode.swift; path = MainController.swift; sourceTree = "<group>"; };
		55BF92381DECAE590056F02D /* WordViewController.swift */ = {isa = PBXFileReference; fileEncoding = 4; lastKnownFileType = sourcecode.swift; path = WordViewController.swift; sourceTree = "<group>"; };
		55BF923A1DECAE5E0056F02D /* PlayerViewController.swift */ = {isa = PBXFileReference; fileEncoding = 4; lastKnownFileType = sourcecode.swift; path = PlayerViewController.swift; sourceTree = "<group>"; };
		55C128161DEBB1A8005B6446 /* Multiplayer Hangman.app */ = {isa = PBXFileReference; explicitFileType = wrapper.application; includeInIndex = 0; path = "Multiplayer Hangman.app"; sourceTree = BUILT_PRODUCTS_DIR; };
		55C128191DEBB1A8005B6446 /* AppDelegate.swift */ = {isa = PBXFileReference; lastKnownFileType = sourcecode.swift; path = AppDelegate.swift; sourceTree = "<group>"; };
		55C1281B1DEBB1A8005B6446 /* ViewController.swift */ = {isa = PBXFileReference; lastKnownFileType = sourcecode.swift; path = ViewController.swift; sourceTree = "<group>"; };
		55C1281E1DEBB1A8005B6446 /* Base */ = {isa = PBXFileReference; lastKnownFileType = file.storyboard; name = Base; path = Base.lproj/Main.storyboard; sourceTree = "<group>"; };
		55C128201DEBB1A8005B6446 /* Assets.xcassets */ = {isa = PBXFileReference; lastKnownFileType = folder.assetcatalog; path = Assets.xcassets; sourceTree = "<group>"; };
		55C128231DEBB1A8005B6446 /* Base */ = {isa = PBXFileReference; lastKnownFileType = file.storyboard; name = Base; path = Base.lproj/LaunchScreen.storyboard; sourceTree = "<group>"; };
		55C128251DEBB1A8005B6446 /* Info.plist */ = {isa = PBXFileReference; lastKnownFileType = text.plist.xml; path = Info.plist; sourceTree = "<group>"; };
		F366065569BC78E3EDF391E4 /* Pods-Multiplayer Hangman.release.xcconfig */ = {isa = PBXFileReference; includeInIndex = 1; lastKnownFileType = text.xcconfig; name = "Pods-Multiplayer Hangman.release.xcconfig"; path = "Pods/Target Support Files/Pods-Multiplayer Hangman/Pods-Multiplayer Hangman.release.xcconfig"; sourceTree = "<group>"; };
/* End PBXFileReference section */

/* Begin PBXFrameworksBuildPhase section */
		55C128131DEBB1A8005B6446 /* Frameworks */ = {
			isa = PBXFrameworksBuildPhase;
			buildActionMask = 2147483647;
			files = (
				107D5AC3ACB986AA4D6D769C /* Pods_Multiplayer_Hangman.framework in Frameworks */,
			);
			runOnlyForDeploymentPostprocessing = 0;
		};
/* End PBXFrameworksBuildPhase section */

/* Begin PBXGroup section */
		27B89E9C6224B81655B1BBCB /* Frameworks */ = {
			isa = PBXGroup;
			children = (
				08412D4C24A6FD406CC5D49A /* Pods_Multiplayer_Hangman.framework */,
			);
			name = Frameworks;
			sourceTree = "<group>";
		};
		55C1280D1DEBB1A7005B6446 = {
			isa = PBXGroup;
			children = (
				55C128181DEBB1A8005B6446 /* Multiplayer Hangman */,
				55C128171DEBB1A8005B6446 /* Products */,
				7ABD034C8DD9615BA8CC56ED /* Pods */,
				27B89E9C6224B81655B1BBCB /* Frameworks */,
			);
			sourceTree = "<group>";
		};
		55C128171DEBB1A8005B6446 /* Products */ = {
			isa = PBXGroup;
			children = (
				55C128161DEBB1A8005B6446 /* Multiplayer Hangman.app */,
			);
			name = Products;
			sourceTree = "<group>";
		};
		55C128181DEBB1A8005B6446 /* Multiplayer Hangman */ = {
			isa = PBXGroup;
			children = (
				55C128191DEBB1A8005B6446 /* AppDelegate.swift */,
				55C1281B1DEBB1A8005B6446 /* ViewController.swift */,
				55BF92361DECAE540056F02D /* MainController.swift */,
				55BF92381DECAE590056F02D /* WordViewController.swift */,
				55BF923A1DECAE5E0056F02D /* PlayerViewController.swift */,
				55C1281D1DEBB1A8005B6446 /* Main.storyboard */,
				55C128201DEBB1A8005B6446 /* Assets.xcassets */,
				55C128221DEBB1A8005B6446 /* LaunchScreen.storyboard */,
				55C128251DEBB1A8005B6446 /* Info.plist */,
			);
			path = "Multiplayer Hangman";
			sourceTree = "<group>";
		};
		7ABD034C8DD9615BA8CC56ED /* Pods */ = {
			isa = PBXGroup;
			children = (
				0FBF62536724580CF768F762 /* Pods-Multiplayer Hangman.debug.xcconfig */,
				F366065569BC78E3EDF391E4 /* Pods-Multiplayer Hangman.release.xcconfig */,
			);
			name = Pods;
			sourceTree = "<group>";
		};
/* End PBXGroup section */

/* Begin PBXNativeTarget section */
		55C128151DEBB1A8005B6446 /* Multiplayer Hangman */ = {
			isa = PBXNativeTarget;
			buildConfigurationList = 55C128281DEBB1A8005B6446 /* Build configuration list for PBXNativeTarget "Multiplayer Hangman" */;
			buildPhases = (
				7A2F8953296D7BBAA4CB7E02 /* [CP] Check Pods Manifest.lock */,
				55C128121DEBB1A8005B6446 /* Sources */,
				55C128131DEBB1A8005B6446 /* Frameworks */,
				55C128141DEBB1A8005B6446 /* Resources */,
				53EFC276E1234ADD3AAEFCE0 /* [CP] Embed Pods Frameworks */,
				EF4866354E64DF3A27116BF7 /* [CP] Copy Pods Resources */,
			);
			buildRules = (
			);
			dependencies = (
			);
			name = "Multiplayer Hangman";
			productName = "Multiplayer Hangman";
			productReference = 55C128161DEBB1A8005B6446 /* Multiplayer Hangman.app */;
			productType = "com.apple.product-type.application";
		};
/* End PBXNativeTarget section */

/* Begin PBXProject section */
		55C1280E1DEBB1A7005B6446 /* Project object */ = {
			isa = PBXProject;
			attributes = {
				LastSwiftUpdateCheck = 0810;
				LastUpgradeCheck = 0810;
				ORGANIZATIONNAME = "Emma Rose Wirshing";
				TargetAttributes = {
					55C128151DEBB1A8005B6446 = {
						CreatedOnToolsVersion = 8.1;
						DevelopmentTeam = E7T48K3QW4;
						ProvisioningStyle = Automatic;
					};
				};
			};
			buildConfigurationList = 55C128111DEBB1A7005B6446 /* Build configuration list for PBXProject "Multiplayer Hangman" */;
			compatibilityVersion = "Xcode 3.2";
			developmentRegion = English;
			hasScannedForEncodings = 0;
			knownRegions = (
				en,
				Base,
			);
			mainGroup = 55C1280D1DEBB1A7005B6446;
			productRefGroup = 55C128171DEBB1A8005B6446 /* Products */;
			projectDirPath = "";
			projectRoot = "";
			targets = (
				55C128151DEBB1A8005B6446 /* Multiplayer Hangman */,
			);
		};
/* End PBXProject section */

/* Begin PBXResourcesBuildPhase section */
		55C128141DEBB1A8005B6446 /* Resources */ = {
			isa = PBXResourcesBuildPhase;
			buildActionMask = 2147483647;
			files = (
				55C128241DEBB1A8005B6446 /* LaunchScreen.storyboard in Resources */,
				55C128211DEBB1A8005B6446 /* Assets.xcassets in Resources */,
				55C1281F1DEBB1A8005B6446 /* Main.storyboard in Resources */,
			);
			runOnlyForDeploymentPostprocessing = 0;
		};
/* End PBXResourcesBuildPhase section */

/* Begin PBXShellScriptBuildPhase section */
		53EFC276E1234ADD3AAEFCE0 /* [CP] Embed Pods Frameworks */ = {
			isa = PBXShellScriptBuildPhase;
			buildActionMask = 2147483647;
			files = (
			);
			inputPaths = (
			);
			name = "[CP] Embed Pods Frameworks";
			outputPaths = (
			);
			runOnlyForDeploymentPostprocessing = 0;
			shellPath = /bin/sh;
			shellScript = "\"${SRCROOT}/Pods/Target Support Files/Pods-Multiplayer Hangman/Pods-Multiplayer Hangman-frameworks.sh\"\n";
			showEnvVarsInLog = 0;
		};
		7A2F8953296D7BBAA4CB7E02 /* [CP] Check Pods Manifest.lock */ = {
			isa = PBXShellScriptBuildPhase;
			buildActionMask = 2147483647;
			files = (
			);
			inputPaths = (
			);
			name = "[CP] Check Pods Manifest.lock";
			outputPaths = (
			);
			runOnlyForDeploymentPostprocessing = 0;
			shellPath = /bin/sh;
			shellScript = "diff \"${PODS_ROOT}/../Podfile.lock\" \"${PODS_ROOT}/Manifest.lock\" > /dev/null\nif [ $? != 0 ] ; then\n    # print error to STDERR\n    echo \"error: The sandbox is not in sync with the Podfile.lock. Run 'pod install' or update your CocoaPods installation.\" >&2\n    exit 1\nfi\n";
			showEnvVarsInLog = 0;
		};
		EF4866354E64DF3A27116BF7 /* [CP] Copy Pods Resources */ = {
			isa = PBXShellScriptBuildPhase;
			buildActionMask = 2147483647;
			files = (
			);
			inputPaths = (
			);
			name = "[CP] Copy Pods Resources";
			outputPaths = (
			);
			runOnlyForDeploymentPostprocessing = 0;
			shellPath = /bin/sh;
			shellScript = "\"${SRCROOT}/Pods/Target Support Files/Pods-Multiplayer Hangman/Pods-Multiplayer Hangman-resources.sh\"\n";
			showEnvVarsInLog = 0;
		};
/* End PBXShellScriptBuildPhase section */

/* Begin PBXSourcesBuildPhase section */
		55C128121DEBB1A8005B6446 /* Sources */ = {
			isa = PBXSourcesBuildPhase;
			buildActionMask = 2147483647;
			files = (
				55BF923B1DECAE5E0056F02D /* PlayerViewController.swift in Sources */,
				55C1281C1DEBB1A8005B6446 /* ViewController.swift in Sources */,
				55BF92371DECAE540056F02D /* MainController.swift in Sources */,
				55BF92391DECAE590056F02D /* WordViewController.swift in Sources */,
				55C1281A1DEBB1A8005B6446 /* AppDelegate.swift in Sources */,
			);
			runOnlyForDeploymentPostprocessing = 0;
		};
/* End PBXSourcesBuildPhase section */

/* Begin PBXVariantGroup section */
		55C1281D1DEBB1A8005B6446 /* Main.storyboard */ = {
			isa = PBXVariantGroup;
			children = (
				55C1281E1DEBB1A8005B6446 /* Base */,
			);
			name = Main.storyboard;
			sourceTree = "<group>";
		};
		55C128221DEBB1A8005B6446 /* LaunchScreen.storyboard */ = {
			isa = PBXVariantGroup;
			children = (
				55C128231DEBB1A8005B6446 /* Base */,
			);
			name = LaunchScreen.storyboard;
			sourceTree = "<group>";
		};
/* End PBXVariantGroup section */

/* Begin XCBuildConfiguration section */
		55C128261DEBB1A8005B6446 /* Debug */ = {
			isa = XCBuildConfiguration;
			buildSettings = {
				ALWAYS_SEARCH_USER_PATHS = NO;
				CLANG_ANALYZER_NONNULL = YES;
				CLANG_CXX_LANGUAGE_STANDARD = "gnu++0x";
				CLANG_CXX_LIBRARY = "libc++";
				CLANG_ENABLE_MODULES = YES;
				CLANG_ENABLE_OBJC_ARC = YES;
				CLANG_WARN_BOOL_CONVERSION = YES;
				CLANG_WARN_CONSTANT_CONVERSION = YES;
				CLANG_WARN_DIRECT_OBJC_ISA_USAGE = YES_ERROR;
				CLANG_WARN_DOCUMENTATION_COMMENTS = YES;
				CLANG_WARN_EMPTY_BODY = YES;
				CLANG_WARN_ENUM_CONVERSION = YES;
				CLANG_WARN_INFINITE_RECURSION = YES;
				CLANG_WARN_INT_CONVERSION = YES;
				CLANG_WARN_OBJC_ROOT_CLASS = YES_ERROR;
				CLANG_WARN_SUSPICIOUS_MOVE = YES;
				CLANG_WARN_SUSPICIOUS_MOVES = YES;
				CLANG_WARN_UNREACHABLE_CODE = YES;
				CLANG_WARN__DUPLICATE_METHOD_MATCH = YES;
				"CODE_SIGN_IDENTITY[sdk=iphoneos*]" = "iPhone Developer";
				COPY_PHASE_STRIP = NO;
				DEBUG_INFORMATION_FORMAT = dwarf;
				ENABLE_STRICT_OBJC_MSGSEND = YES;
				ENABLE_TESTABILITY = YES;
				GCC_C_LANGUAGE_STANDARD = gnu99;
				GCC_DYNAMIC_NO_PIC = NO;
				GCC_NO_COMMON_BLOCKS = YES;
				GCC_OPTIMIZATION_LEVEL = 0;
				GCC_PREPROCESSOR_DEFINITIONS = (
					"DEBUG=1",
					"$(inherited)",
				);
				GCC_WARN_64_TO_32_BIT_CONVERSION = YES;
				GCC_WARN_ABOUT_RETURN_TYPE = YES_ERROR;
				GCC_WARN_UNDECLARED_SELECTOR = YES;
				GCC_WARN_UNINITIALIZED_AUTOS = YES_AGGRESSIVE;
				GCC_WARN_UNUSED_FUNCTION = YES;
				GCC_WARN_UNUSED_VARIABLE = YES;
				IPHONEOS_DEPLOYMENT_TARGET = 10.1;
				MTL_ENABLE_DEBUG_INFO = YES;
				ONLY_ACTIVE_ARCH = YES;
				SDKROOT = iphoneos;
				SWIFT_ACTIVE_COMPILATION_CONDITIONS = DEBUG;
				SWIFT_OPTIMIZATION_LEVEL = "-Onone";
			};
			name = Debug;
		};
		55C128271DEBB1A8005B6446 /* Release */ = {
			isa = XCBuildConfiguration;
			buildSettings = {
				ALWAYS_SEARCH_USER_PATHS = NO;
				CLANG_ANALYZER_NONNULL = YES;
				CLANG_CXX_LANGUAGE_STANDARD = "gnu++0x";
				CLANG_CXX_LIBRARY = "libc++";
				CLANG_ENABLE_MODULES = YES;
				CLANG_ENABLE_OBJC_ARC = YES;
				CLANG_WARN_BOOL_CONVERSION = YES;
				CLANG_WARN_CONSTANT_CONVERSION = YES;
				CLANG_WARN_DIRECT_OBJC_ISA_USAGE = YES_ERROR;
				CLANG_WARN_DOCUMENTATION_COMMENTS = YES;
				CLANG_WARN_EMPTY_BODY = YES;
				CLANG_WARN_ENUM_CONVERSION = YES;
				CLANG_WARN_INFINITE_RECURSION = YES;
				CLANG_WARN_INT_CONVERSION = YES;
				CLANG_WARN_OBJC_ROOT_CLASS = YES_ERROR;
				CLANG_WARN_SUSPICIOUS_MOVE = YES;
				CLANG_WARN_SUSPICIOUS_MOVES = YES;
				CLANG_WARN_UNREACHABLE_CODE = YES;
				CLANG_WARN__DUPLICATE_METHOD_MATCH = YES;
				"CODE_SIGN_IDENTITY[sdk=iphoneos*]" = "iPhone Developer";
				COPY_PHASE_STRIP = NO;
				DEBUG_INFORMATION_FORMAT = "dwarf-with-dsym";
				ENABLE_NS_ASSERTIONS = NO;
				ENABLE_STRICT_OBJC_MSGSEND = YES;
				GCC_C_LANGUAGE_STANDARD = gnu99;
				GCC_NO_COMMON_BLOCKS = YES;
				GCC_WARN_64_TO_32_BIT_CONVERSION = YES;
				GCC_WARN_ABOUT_RETURN_TYPE = YES_ERROR;
				GCC_WARN_UNDECLARED_SELECTOR = YES;
				GCC_WARN_UNINITIALIZED_AUTOS = YES_AGGRESSIVE;
				GCC_WARN_UNUSED_FUNCTION = YES;
				GCC_WARN_UNUSED_VARIABLE = YES;
				IPHONEOS_DEPLOYMENT_TARGET = 10.1;
				MTL_ENABLE_DEBUG_INFO = NO;
				SDKROOT = iphoneos;
				SWIFT_OPTIMIZATION_LEVEL = "-Owholemodule";
				VALIDATE_PRODUCT = YES;
			};
			name = Release;
		};
		55C128291DEBB1A8005B6446 /* Debug */ = {
			isa = XCBuildConfiguration;
			baseConfigurationReference = 0FBF62536724580CF768F762 /* Pods-Multiplayer Hangman.debug.xcconfig */;
			buildSettings = {
				ASSETCATALOG_COMPILER_APPICON_NAME = AppIcon;
				DEVELOPMENT_TEAM = E7T48K3QW4;
				INFOPLIST_FILE = "Multiplayer Hangman/Info.plist";
				LD_RUNPATH_SEARCH_PATHS = "$(inherited) @executable_path/Frameworks";
				PRODUCT_BUNDLE_IDENTIFIER = "com.EmmaRoseWirshing.Multiplayer-Hangman";
				PRODUCT_NAME = "$(TARGET_NAME)";
				SWIFT_VERSION = 3.0;
			};
			name = Debug;
		};
		55C1282A1DEBB1A8005B6446 /* Release */ = {
			isa = XCBuildConfiguration;
			baseConfigurationReference = F366065569BC78E3EDF391E4 /* Pods-Multiplayer Hangman.release.xcconfig */;
			buildSettings = {
				ASSETCATALOG_COMPILER_APPICON_NAME = AppIcon;
				DEVELOPMENT_TEAM = E7T48K3QW4;
				INFOPLIST_FILE = "Multiplayer Hangman/Info.plist";
				LD_RUNPATH_SEARCH_PATHS = "$(inherited) @executable_path/Frameworks";
				PRODUCT_BUNDLE_IDENTIFIER = "com.EmmaRoseWirshing.Multiplayer-Hangman";
				PRODUCT_NAME = "$(TARGET_NAME)";
				SWIFT_VERSION = 3.0;
			};
			name = Release;
		};
/* End XCBuildConfiguration section */

/* Begin XCConfigurationList section */
		55C128111DEBB1A7005B6446 /* Build configuration list for PBXProject "Multiplayer Hangman" */ = {
			isa = XCConfigurationList;
			buildConfigurations = (
				55C128261DEBB1A8005B6446 /* Debug */,
				55C128271DEBB1A8005B6446 /* Release */,
			);
			defaultConfigurationIsVisible = 0;
			defaultConfigurationName = Release;
		};
		55C128281DEBB1A8005B6446 /* Build configuration list for PBXNativeTarget "Multiplayer Hangman" */ = {
			isa = XCConfigurationList;
			buildConfigurations = (
				55C128291DEBB1A8005B6446 /* Debug */,
				55C1282A1DEBB1A8005B6446 /* Release */,
			);
			defaultConfigurationIsVisible = 0;
			defaultConfigurationName = Release;
		};
/* End XCConfigurationList section */
	};
	rootObject = 55C1280E1DEBB1A7005B6446 /* Project object */;
}
